
Microsoft Visual Studio Solution File, Format Version 12.00
# Visual Studio Version 17
VisualStudioVersion = 17.4.33110.190
MinimumVisualStudioVersion = 10.0.40219.1
Project("{8BC9CEB8-8B4A-11D0-8D11-00A0C91BC942}") = "016. 버블 정렬2", "016. 버블 정렬2\016. 버블 정렬2.vcxproj", "{8642FF84-95D2-410D-A4C6-CAD816386686}"
EndProject
Global
	GlobalSection(SolutionConfigurationPlatforms) = preSolution
		Debug|x64 = Debug|x64
		Debug|x86 = Debug|x86
		Release|x64 = Release|x64
		Release|x86 = Release|x86
	EndGlobalSection
	GlobalSection(ProjectConfigurationPlatforms) = postSolution
		{8642FF84-95D2-410D-A4C6-CAD816386686}.Debug|x64.ActiveCfg = Debug|x64
		{8642FF84-95D2-410D-A4C6-CAD816386686}.Debug|x64.Build.0 = Debug|x64
		{8642FF84-95D2-410D-A4C6-CAD816386686}.Debug|x86.ActiveCfg = Debug|Win32
		{8642FF84-95D2-410D-A4C6-CAD816386686}.Debug|x86.Build.0 = Debug|Win32
		{8642FF84-95D2-410D-A4C6-CAD816386686}.Release|x64.ActiveCfg = Release|x64
		{8642FF84-95D2-410D-A4C6-CAD816386686}.Release|x64.Build.0 = Release|x64
		{8642FF84-95D2-410D-A4C6-CAD816386686}.Release|x86.ActiveCfg = Release|Win32
		{8642FF84-95D2-410D-A4C6-CAD816386686}.Release|x86.Build.0 = Release|Win32
	EndGlobalSection
	GlobalSection(SolutionProperties) = preSolution
		HideSolutionNode = FALSE
	EndGlobalSection
	GlobalSection(ExtensibilityGlobals) = postSolution
		SolutionGuid = {7F242948-7401-4323-9B47-170D5BF8635A}
	EndGlobalSection
EndGlobal
