
Microsoft Visual Studio Solution File, Format Version 12.00
# Visual Studio Version 17
VisualStudioVersion = 17.4.33110.190
MinimumVisualStudioVersion = 10.0.40219.1
Project("{8BC9CEB8-8B4A-11D0-8D11-00A0C91BC942}") = "044. 최소공배수(2)", "044. 최소공배수(2)\044. 최소공배수(2).vcxproj", "{82681FB7-26CA-4F1D-8238-B98937303850}"
EndProject
Global
	GlobalSection(SolutionConfigurationPlatforms) = preSolution
		Debug|x64 = Debug|x64
		Debug|x86 = Debug|x86
		Release|x64 = Release|x64
		Release|x86 = Release|x86
	EndGlobalSection
	GlobalSection(ProjectConfigurationPlatforms) = postSolution
		{82681FB7-26CA-4F1D-8238-B98937303850}.Debug|x64.ActiveCfg = Debug|x64
		{82681FB7-26CA-4F1D-8238-B98937303850}.Debug|x64.Build.0 = Debug|x64
		{82681FB7-26CA-4F1D-8238-B98937303850}.Debug|x86.ActiveCfg = Debug|Win32
		{82681FB7-26CA-4F1D-8238-B98937303850}.Debug|x86.Build.0 = Debug|Win32
		{82681FB7-26CA-4F1D-8238-B98937303850}.Release|x64.ActiveCfg = Release|x64
		{82681FB7-26CA-4F1D-8238-B98937303850}.Release|x64.Build.0 = Release|x64
		{82681FB7-26CA-4F1D-8238-B98937303850}.Release|x86.ActiveCfg = Release|Win32
		{82681FB7-26CA-4F1D-8238-B98937303850}.Release|x86.Build.0 = Release|Win32
	EndGlobalSection
	GlobalSection(SolutionProperties) = preSolution
		HideSolutionNode = FALSE
	EndGlobalSection
	GlobalSection(ExtensibilityGlobals) = postSolution
		SolutionGuid = {D0F0F3CB-685C-4194-88A2-DA1402AB62A8}
	EndGlobalSection
EndGlobal
