
Microsoft Visual Studio Solution File, Format Version 12.00
# Visual Studio Version 17
VisualStudioVersion = 17.14.36915.13 d17.14
MinimumVisualStudioVersion = 10.0.40219.1
Project("{8BC9CEB8-8B4A-11D0-8D11-00A0C91BC942}") = "066. 불우이웃돕기", "066. 불우이웃돕기\066. 불우이웃돕기.vcxproj", "{D3056C94-3B87-46A3-BEA5-1855A47C8947}"
EndProject
Global
	GlobalSection(SolutionConfigurationPlatforms) = preSolution
		Debug|x64 = Debug|x64
		Debug|x86 = Debug|x86
		Release|x64 = Release|x64
		Release|x86 = Release|x86
	EndGlobalSection
	GlobalSection(ProjectConfigurationPlatforms) = postSolution
		{D3056C94-3B87-46A3-BEA5-1855A47C8947}.Debug|x64.ActiveCfg = Debug|x64
		{D3056C94-3B87-46A3-BEA5-1855A47C8947}.Debug|x64.Build.0 = Debug|x64
		{D3056C94-3B87-46A3-BEA5-1855A47C8947}.Debug|x86.ActiveCfg = Debug|Win32
		{D3056C94-3B87-46A3-BEA5-1855A47C8947}.Debug|x86.Build.0 = Debug|Win32
		{D3056C94-3B87-46A3-BEA5-1855A47C8947}.Release|x64.ActiveCfg = Release|x64
		{D3056C94-3B87-46A3-BEA5-1855A47C8947}.Release|x64.Build.0 = Release|x64
		{D3056C94-3B87-46A3-BEA5-1855A47C8947}.Release|x86.ActiveCfg = Release|Win32
		{D3056C94-3B87-46A3-BEA5-1855A47C8947}.Release|x86.Build.0 = Release|Win32
	EndGlobalSection
	GlobalSection(SolutionProperties) = preSolution
		HideSolutionNode = FALSE
	EndGlobalSection
	GlobalSection(ExtensibilityGlobals) = postSolution
		SolutionGuid = {E0858FB1-AF4C-47AA-B5C0-24879465C0CB}
	EndGlobalSection
EndGlobal
